
Microsoft Visual Studio Solution File, Format Version 12.00
# Visual Studio Version 16
VisualStudioVersion = 16.0.29926.136
MinimumVisualStudioVersion = 10.0.40219.1
Project("{FAE04EC0-301F-11D3-BF4B-00C04F79EFBC}") = "MVCZakazivanjePregleda", "MVCZakazivanjePregleda\MVCZakazivanjePregleda.csproj", "{5C517AA7-1616-4F79-9AAB-18DE29E6A33A}"
EndProject
Global
	GlobalSection(SolutionConfigurationPlatforms) = preSolution
		Debug|Any CPU = Debug|Any CPU
		Release|Any CPU = Release|Any CPU
	EndGlobalSection
	GlobalSection(ProjectConfigurationPlatforms) = postSolution
		{5C517AA7-1616-4F79-9AAB-18DE29E6A33A}.Debug|Any CPU.ActiveCfg = Debug|Any CPU
		{5C517AA7-1616-4F79-9AAB-18DE29E6A33A}.Debug|Any CPU.Build.0 = Debug|Any CPU
		{5C517AA7-1616-4F79-9AAB-18DE29E6A33A}.Release|Any CPU.ActiveCfg = Release|Any CPU
		{5C517AA7-1616-4F79-9AAB-18DE29E6A33A}.Release|Any CPU.Build.0 = Release|Any CPU
	EndGlobalSection
	GlobalSection(SolutionProperties) = preSolution
		HideSolutionNode = FALSE
	EndGlobalSection
	GlobalSection(ExtensibilityGlobals) = postSolution
		SolutionGuid = {8144E0E9-98CD-4B4B-AF95-FD173A71237C}
	EndGlobalSection
EndGlobal
